
Microsoft Visual Studio Solution File, Format Version 12.00
# Visual Studio Version 16
VisualStudioVersion = 16.0.29728.190
MinimumVisualStudioVersion = 10.0.40219.1
Project("{FAE04EC0-301F-11D3-BF4B-00C04F79EFBC}") = "TestBed", "TestBed\TestBed.csproj", "{59C98879-284B-45B2-A47B-6C73D435AD26}"
EndProject
Global
	GlobalSection(SolutionConfigurationPlatforms) = preSolution
		Debug|Any CPU = Debug|Any CPU
		Release|Any CPU = Release|Any CPU
	EndGlobalSection
	GlobalSection(ProjectConfigurationPlatforms) = postSolution
		{59C98879-284B-45B2-A47B-6C73D435AD26}.Debug|Any CPU.ActiveCfg = Debug|Any CPU
		{59C98879-284B-45B2-A47B-6C73D435AD26}.Debug|Any CPU.Build.0 = Debug|Any CPU
		{59C98879-284B-45B2-A47B-6C73D435AD26}.Release|Any CPU.ActiveCfg = Release|Any CPU
		{59C98879-284B-45B2-A47B-6C73D435AD26}.Release|Any CPU.Build.0 = Release|Any CPU
	EndGlobalSection
	GlobalSection(SolutionProperties) = preSolution
		HideSolutionNode = FALSE
	EndGlobalSection
	GlobalSection(ExtensibilityGlobals) = postSolution
		SolutionGuid = {05B9406A-5802-4E8A-82D6-962D4E0761BA}
	EndGlobalSection
EndGlobal
